# THIS IS AN AUTOGENERATED FILE. DO NOT EDIT THIS FILE DIRECTLY.
# yarn lockfile v1


"@next/env@12.2.5":
  "integrity" "sha512-vLPLV3cpPGjUPT3PjgRj7e3nio9t6USkuew3JE/jMeon/9Mvp1WyR18v3iwnCuX7eUAm1HmAbJHHLAbcu/EJcw=="
  "resolved" "https://registry.npmjs.org/@next/env/-/env-12.2.5.tgz"
  "version" "12.2.5"

"@next/swc-win32-x64-msvc@12.2.5":
  "integrity" "sha512-7h5/ahY7NeaO2xygqVrSG/Y8Vs4cdjxIjowTZ5W6CKoTKn7tmnuxlUc2h74x06FKmbhAd9agOjr/AOKyxYYm9Q=="
  "resolved" "https://registry.npmjs.org/@next/swc-win32-x64-msvc/-/swc-win32-x64-msvc-12.2.5.tgz"
  "version" "12.2.5"

"@supabase/gotrue-js@^1.10.1":
  "resolved" "https://registry.npmjs.org/@supabase/gotrue-js/-/gotrue-js-1.10.1.tgz"
  "version" "1.10.1"
  dependencies:
    "cross-fetch" "^3.0.6"

"@supabase/postgrest-js@^0.22.0":
  "resolved" "https://registry.npmjs.org/@supabase/postgrest-js/-/postgrest-js-0.22.0.tgz"
  "version" "0.22.0"
  dependencies:
    "cross-fetch" "^3.0.6"

"@supabase/realtime-js@^1.0.6":
  "resolved" "https://registry.npmjs.org/@supabase/realtime-js/-/realtime-js-1.0.6.tgz"
  "version" "1.0.6"
  dependencies:
    "@types/websocket" "^1.0.1"
    "query-string" "^6.12.1"
    "websocket" "^1.0.31"

"@supabase/supabase-js@^1.2.1":
  "resolved" "https://registry.npmjs.org/@supabase/supabase-js/-/supabase-js-1.2.1.tgz"
  "version" "1.2.1"
  dependencies:
    "@supabase/gotrue-js" "^1.10.1"
    "@supabase/postgrest-js" "^0.22.0"
    "@supabase/realtime-js" "^1.0.6"

"@swc/helpers@0.4.3":
  "integrity" "sha512-6JrF+fdUK2zbGpJIlN7G3v966PQjyx/dPt1T9km2wj+EUBqgrxCk3uX4Kct16MIm9gGxfKRcfax2hVf5jvlTzA=="
  "resolved" "https://registry.npmjs.org/@swc/helpers/-/helpers-0.4.3.tgz"
  "version" "0.4.3"
  dependencies:
    "tslib" "^2.4.0"

"@types/node@*":
  "resolved" "https://registry.npmjs.org/@types/node/-/node-14.14.21.tgz"
  "version" "14.14.21"

"@types/websocket@^1.0.1":
  "resolved" "https://registry.npmjs.org/@types/websocket/-/websocket-1.0.1.tgz"
  "version" "1.0.1"
  dependencies:
    "@types/node" "*"

"bufferutil@^4.0.1":
  "resolved" "https://registry.npmjs.org/bufferutil/-/bufferutil-4.0.3.tgz"
  "version" "4.0.3"
  dependencies:
    "node-gyp-build" "^4.2.0"

"caniuse-lite@^1.0.30001332":
  "integrity" "sha512-I5XeHI1x/mRSGl96LFOaSk528LA/yZG3m3iQgImGujjO8gotd/DL8QaI1R1h1dg5ATeI2jqPblMpKq4Tr5iKfQ=="
  "resolved" "https://registry.npmjs.org/caniuse-lite/-/caniuse-lite-1.0.30001377.tgz"
  "version" "1.0.30001377"

"cross-fetch@^3.0.6":
  "resolved" "https://registry.npmjs.org/cross-fetch/-/cross-fetch-3.0.6.tgz"
  "version" "3.0.6"
  dependencies:
    "node-fetch" "2.6.1"

"d@^1.0.1", "d@1":
  "resolved" "https://registry.npmjs.org/d/-/d-1.0.1.tgz"
  "version" "1.0.1"
  dependencies:
    "es5-ext" "^0.10.50"
    "type" "^1.0.1"

"debug@^2.2.0":
  "resolved" "https://registry.npmjs.org/debug/-/debug-2.6.9.tgz"
  "version" "2.6.9"
  dependencies:
    "ms" "2.0.0"

"decode-uri-component@^0.2.0":
  "resolved" "https://registry.npmjs.org/decode-uri-component/-/decode-uri-component-0.2.0.tgz"
  "version" "0.2.0"

"es5-ext@^0.10.35", "es5-ext@^0.10.50":
  "resolved" "https://registry.npmjs.org/es5-ext/-/es5-ext-0.10.53.tgz"
  "version" "0.10.53"
  dependencies:
    "es6-iterator" "~2.0.3"
    "es6-symbol" "~3.1.3"
    "next-tick" "~1.0.0"

"es6-iterator@~2.0.3":
  "resolved" "https://registry.npmjs.org/es6-iterator/-/es6-iterator-2.0.3.tgz"
  "version" "2.0.3"
  dependencies:
    "d" "1"
    "es5-ext" "^0.10.35"
    "es6-symbol" "^3.1.1"

"es6-symbol@^3.1.1", "es6-symbol@~3.1.3":
  "resolved" "https://registry.npmjs.org/es6-symbol/-/es6-symbol-3.1.3.tgz"
  "version" "3.1.3"
  dependencies:
    "d" "^1.0.1"
    "ext" "^1.1.2"

"ext@^1.1.2":
  "resolved" "https://registry.npmjs.org/ext/-/ext-1.4.0.tgz"
  "version" "1.4.0"
  dependencies:
    "type" "^2.0.0"

"is-typedarray@^1.0.0":
  "resolved" "https://registry.npmjs.org/is-typedarray/-/is-typedarray-1.0.0.tgz"
  "version" "1.0.0"

"js-tokens@^3.0.0 || ^4.0.0":
  "resolved" "https://registry.npmjs.org/js-tokens/-/js-tokens-4.0.0.tgz"
  "version" "4.0.0"

"loose-envify@^1.1.0":
  "resolved" "https://registry.npmjs.org/loose-envify/-/loose-envify-1.4.0.tgz"
  "version" "1.4.0"
  dependencies:
    "js-tokens" "^3.0.0 || ^4.0.0"

"ms@2.0.0":
  "resolved" "https://registry.npmjs.org/ms/-/ms-2.0.0.tgz"
  "version" "2.0.0"

"nanoid@^3.3.4":
  "integrity" "sha512-MqBkQh/OHTS2egovRtLk45wEyNXwF+cokD+1YPf9u5VfJiRdAiRwB2froX5Co9Rh20xs4siNPm8naNotSD6RBw=="
  "resolved" "https://registry.npmjs.org/nanoid/-/nanoid-3.3.4.tgz"
  "version" "3.3.4"

"next-tick@~1.0.0":
  "resolved" "https://registry.npmjs.org/next-tick/-/next-tick-1.0.0.tgz"
  "version" "1.0.0"

"next@^12.2.0":
  "integrity" "sha512-tBdjqX5XC/oFs/6gxrZhjmiq90YWizUYU6qOWAfat7zJwrwapJ+BYgX2PmiacunXMaRpeVT4vz5MSPSLgNkrpA=="
  "resolved" "https://registry.npmjs.org/next/-/next-12.2.5.tgz"
  "version" "12.2.5"
  dependencies:
    "@next/env" "12.2.5"
    "@swc/helpers" "0.4.3"
    "caniuse-lite" "^1.0.30001332"
    "postcss" "8.4.14"
    "styled-jsx" "5.0.4"
    "use-sync-external-store" "1.2.0"
  optionalDependencies:
    "@next/swc-android-arm-eabi" "12.2.5"
    "@next/swc-android-arm64" "12.2.5"
    "@next/swc-darwin-arm64" "12.2.5"
    "@next/swc-darwin-x64" "12.2.5"
    "@next/swc-freebsd-x64" "12.2.5"
    "@next/swc-linux-arm-gnueabihf" "12.2.5"
    "@next/swc-linux-arm64-gnu" "12.2.5"
    "@next/swc-linux-arm64-musl" "12.2.5"
    "@next/swc-linux-x64-gnu" "12.2.5"
    "@next/swc-linux-x64-musl" "12.2.5"
    "@next/swc-win32-arm64-msvc" "12.2.5"
    "@next/swc-win32-ia32-msvc" "12.2.5"
    "@next/swc-win32-x64-msvc" "12.2.5"

"node-fetch@2.6.1":
  "resolved" "https://registry.npmjs.org/node-fetch/-/node-fetch-2.6.1.tgz"
  "version" "2.6.1"

"node-gyp-build@^4.2.0":
  "resolved" "https://registry.npmjs.org/node-gyp-build/-/node-gyp-build-4.2.3.tgz"
  "version" "4.2.3"

"picocolors@^1.0.0":
  "integrity" "sha512-1fygroTLlHu66zi26VoTDv8yRgm0Fccecssto+MhsZ0D/DGW2sm8E8AjW7NU5VVTRt5GxbeZ5qBuJr+HyLYkjQ=="
  "resolved" "https://registry.npmjs.org/picocolors/-/picocolors-1.0.0.tgz"
  "version" "1.0.0"

"postcss@8.4.14":
  "integrity" "sha512-E398TUmfAYFPBSdzgeieK2Y1+1cpdxJx8yXbK/m57nRhKSmk1GB2tO4lbLBtlkfPQTDKfe4Xqv1ASWPpayPEig=="
  "resolved" "https://registry.npmjs.org/postcss/-/postcss-8.4.14.tgz"
  "version" "8.4.14"
  dependencies:
    "nanoid" "^3.3.4"
    "picocolors" "^1.0.0"
    "source-map-js" "^1.0.2"

"query-string@^6.12.1":
  "resolved" "https://registry.npmjs.org/query-string/-/query-string-6.13.8.tgz"
  "version" "6.13.8"
  dependencies:
    "decode-uri-component" "^0.2.0"
    "split-on-first" "^1.0.0"
    "strict-uri-encode" "^2.0.0"

"react-dom@^17.0.2 || ^18.0.0-0", "react-dom@^18.2.0":
  "integrity" "sha512-6IMTriUmvsjHUjNtEDudZfuDQUoWXVxKHhlEGSk81n4YFS+r/Kl99wXiwlVXtPBtJenozv2P+hxDsw9eA7Xo6g=="
  "resolved" "https://registry.npmjs.org/react-dom/-/react-dom-18.2.0.tgz"
  "version" "18.2.0"
  dependencies:
    "loose-envify" "^1.1.0"
    "scheduler" "^0.23.0"

"react@^16.11.0 || ^17.0.0 || ^18.0.0", "react@^16.8.0 || ^17.0.0 || ^18.0.0", "react@^17.0.2 || ^18.0.0-0", "react@^18.2.0", "react@>= 16.8.0 || 17.x.x || ^18.0.0-0":
  "integrity" "sha512-/3IjMdb2L9QbBdWiW5e3P2/npwMBaU9mHCSCUzNln0ZCYbcfTsGbTJrU/kGemdH2IWmB2ioZ+zkxtmq6g09fGQ=="
  "resolved" "https://registry.npmjs.org/react/-/react-18.2.0.tgz"
  "version" "18.2.0"
  dependencies:
    "loose-envify" "^1.1.0"

"scheduler@^0.23.0":
  "integrity" "sha512-CtuThmgHNg7zIZWAXi3AsyIzA3n4xx7aNyjwC2VJldO2LMVDhFK+63xGqq6CsJH4rTAt6/M+N4GhZiDYPx9eUw=="
  "resolved" "https://registry.npmjs.org/scheduler/-/scheduler-0.23.0.tgz"
  "version" "0.23.0"
  dependencies:
    "loose-envify" "^1.1.0"

"source-map-js@^1.0.2":
  "integrity" "sha512-R0XvVJ9WusLiqTCEiGCmICCMplcCkIwwR11mOSD9CR5u+IXYdiseeEuXCVAjS54zqwkLcPNnmU4OeJ6tUrWhDw=="
  "resolved" "https://registry.npmjs.org/source-map-js/-/source-map-js-1.0.2.tgz"
  "version" "1.0.2"

"split-on-first@^1.0.0":
  "resolved" "https://registry.npmjs.org/split-on-first/-/split-on-first-1.1.0.tgz"
  "version" "1.1.0"

"strict-uri-encode@^2.0.0":
  "resolved" "https://registry.npmjs.org/strict-uri-encode/-/strict-uri-encode-2.0.0.tgz"
  "version" "2.0.0"

"styled-jsx@5.0.4":
  "integrity" "sha512-sDFWLbg4zR+UkNzfk5lPilyIgtpddfxXEULxhujorr5jtePTUqiPDc5BC0v1NRqTr/WaFBGQQUoYToGlF4B2KQ=="
  "resolved" "https://registry.npmjs.org/styled-jsx/-/styled-jsx-5.0.4.tgz"
  "version" "5.0.4"

"swr@^1.3.0":
  "integrity" "sha512-dkghQrOl2ORX9HYrMDtPa7LTVHJjCTeZoB1dqTbnnEDlSvN8JEKpYIYurDfvbQFUUS8Cg8PceFVZNkW0KNNYPw=="
  "resolved" "https://registry.npmjs.org/swr/-/swr-1.3.0.tgz"
  "version" "1.3.0"

"tslib@^2.4.0":
  "integrity" "sha512-d6xOpEDfsi2CZVlPQzGeux8XMwLT9hssAsaPYExaQMuYskwb+x1x7J371tWlbBdWHroy99KnVB6qIkUbs5X3UQ=="
  "resolved" "https://registry.npmjs.org/tslib/-/tslib-2.4.0.tgz"
  "version" "2.4.0"

"type@^1.0.1":
  "resolved" "https://registry.npmjs.org/type/-/type-1.2.0.tgz"
  "version" "1.2.0"

"type@^2.0.0":
  "resolved" "https://registry.npmjs.org/type/-/type-2.1.0.tgz"
  "version" "2.1.0"

"typedarray-to-buffer@^3.1.5":
  "resolved" "https://registry.npmjs.org/typedarray-to-buffer/-/typedarray-to-buffer-3.1.5.tgz"
  "version" "3.1.5"
  dependencies:
    "is-typedarray" "^1.0.0"

"use-sync-external-store@1.2.0":
  "integrity" "sha512-eEgnFxGQ1Ife9bzYs6VLi8/4X6CObHMw9Qr9tPY43iKwsPw8xE8+EFsf/2cFZ5S3esXgpWgtSCtLNS41F+sKPA=="
  "resolved" "https://registry.npmjs.org/use-sync-external-store/-/use-sync-external-store-1.2.0.tgz"
  "version" "1.2.0"

"utf-8-validate@^5.0.2":
  "resolved" "https://registry.npmjs.org/utf-8-validate/-/utf-8-validate-5.0.4.tgz"
  "version" "5.0.4"
  dependencies:
    "node-gyp-build" "^4.2.0"

"websocket@^1.0.31":
  "resolved" "https://registry.npmjs.org/websocket/-/websocket-1.0.33.tgz"
  "version" "1.0.33"
  dependencies:
    "bufferutil" "^4.0.1"
    "debug" "^2.2.0"
    "es5-ext" "^0.10.50"
    "typedarray-to-buffer" "^3.1.5"
    "utf-8-validate" "^5.0.2"
    "yaeti" "^0.0.6"

"yaeti@^0.0.6":
  "resolved" "https://registry.npmjs.org/yaeti/-/yaeti-0.0.6.tgz"
  "version" "0.0.6"
